{
  "object": {
    "pins": [
      {
        "package": "BuilderToolExample",
        "repositoryURL": "https://github.com/elegantchaos/BuilderToolExample.git",
        "state": {
          "branch": null,
          "revision": "43f49f451347261d6fb13b170691ac88cd51eb06",
          "version": "1.0.4"
        }
      }
    ]
  },
  "version": 1
}
