{
  "object": {
    "pins": [
      {
        "package": "BuilderBasicConfigure",
        "repositoryURL": "https://github.com/elegantchaos/BuilderBasicConfigure.git",
        "state": {
          "branch": null,
          "revision": "9757defa6ba50152de18bd298c4e9558cae3e1de",
          "version": "1.0.5"
        }
      },
      {
        "package": "BuilderToolExample",
        "repositoryURL": "https://github.com/elegantchaos/BuilderToolExample.git",
        "state": {
          "branch": null,
          "revision": "893e2940d53c4f89951ecb7b2f39389c9a9d6bd3",
          "version": "1.0.5"
        }
      }
    ]
  },
  "version": 1
}
