{
  "object": {
    "pins": [
      {
        "package": "Logger",
        "repositoryURL": "git@github.com:elegantchaos/Logger.git",
        "state": {
          "branch": null,
          "revision": "2e3fd3cf52df380f251ac0345588e5cbd666fd46",
          "version": "1.0.4"
        }
      }
    ]
  },
  "version": 1
}
