{
  "object": {
    "pins": [
      {
        "package": "Logger",
        "repositoryURL": "git@github.com:elegantchaos/Logger.git",
        "state": {
          "branch": null,
          "revision": "a5e1135c1b9c2608d5706e014f80b2e6a9e59582",
          "version": "1.0.3"
        }
      }
    ]
  },
  "version": 1
}
